
Microsoft Visual Studio Solution File, Format Version 12.00
# Visual Studio 2013
VisualStudioVersion = 12.0.30501.0
MinimumVisualStudioVersion = 10.0.40219.1
Project("{FAE04EC0-301F-11D3-BF4B-00C04F79EFBC}") = "HobbyTracker", "HobbyTracker\HobbyTracker.csproj", "{1640EB1D-1DF0-45A0-985C-68A489211D91}"
EndProject
Project("{2150E333-8FDC-42A3-9474-1A3956D46DE8}") = "PublishScripts", "PublishScripts", "{EDF74A4E-20E2-4ED4-964B-E00AF0A730F9}"
	ProjectSection(SolutionItems) = preProject
		PublishScripts\AzureWebsitePublishModule.psm1 = PublishScripts\AzureWebsitePublishModule.psm1
		PublishScripts\Publish-WebApplicationWebsite.ps1 = PublishScripts\Publish-WebApplicationWebsite.ps1
	EndProjectSection
EndProject
Project("{2150E333-8FDC-42A3-9474-1A3956D46DE8}") = "Configurations", "Configurations", "{B22310B1-9F19-4D9A-B51A-A17E82D6F225}"
	ProjectSection(SolutionItems) = preProject
		PublishScripts\Configurations\HobbyTracker-WAWS-dev.json = PublishScripts\Configurations\HobbyTracker-WAWS-dev.json
	EndProjectSection
EndProject
Global
	GlobalSection(TeamFoundationVersionControl) = preSolution
		SccNumberOfProjects = 2
		SccEnterpriseProvider = {4CA58AB2-18FA-4F8D-95D4-32DDF27D184C}
		SccTeamFoundationServer = https://brindmo.visualstudio.com/defaultcollection
		SccLocalPath0 = .
		SccProjectUniqueName1 = HobbyTracker\\HobbyTracker.csproj
		SccProjectName1 = HobbyTracker
		SccLocalPath1 = HobbyTracker
	EndGlobalSection
	GlobalSection(SolutionConfigurationPlatforms) = preSolution
		Debug|Any CPU = Debug|Any CPU
		Release|Any CPU = Release|Any CPU
	EndGlobalSection
	GlobalSection(ProjectConfigurationPlatforms) = postSolution
		{1640EB1D-1DF0-45A0-985C-68A489211D91}.Debug|Any CPU.ActiveCfg = Debug|Any CPU
		{1640EB1D-1DF0-45A0-985C-68A489211D91}.Debug|Any CPU.Build.0 = Debug|Any CPU
		{1640EB1D-1DF0-45A0-985C-68A489211D91}.Release|Any CPU.ActiveCfg = Release|Any CPU
		{1640EB1D-1DF0-45A0-985C-68A489211D91}.Release|Any CPU.Build.0 = Release|Any CPU
	EndGlobalSection
	GlobalSection(SolutionProperties) = preSolution
		HideSolutionNode = FALSE
	EndGlobalSection
	GlobalSection(NestedProjects) = preSolution
		{B22310B1-9F19-4D9A-B51A-A17E82D6F225} = {EDF74A4E-20E2-4ED4-964B-E00AF0A730F9}
	EndGlobalSection
EndGlobal
